
Microsoft Visual Studio Solution File, Format Version 12.00
# Visual Studio 15
VisualStudioVersion = 15.0.28010.2036
MinimumVisualStudioVersion = 10.0.40219.1
Project("{FAE04EC0-301F-11D3-BF4B-00C04F79EFBC}") = "Nim.Lib", "Nim\Nim.Lib.csproj", "{C8EF81C8-20EB-4B76-ABF3-6DDF25AC1416}"
EndProject
Project("{FAE04EC0-301F-11D3-BF4B-00C04F79EFBC}") = "Nim.UI", "Nim.UI\Nim.UI.csproj", "{7DD696D0-4493-4E69-BD08-692E239FA242}"
EndProject
Project("{FAE04EC0-301F-11D3-BF4B-00C04F79EFBC}") = "Nim.Lib.Tests", "Nim.Lib.Tests\Nim.Lib.Tests.csproj", "{5675B13A-9AC2-4CA5-862B-1DF28639744A}"
EndProject
Global
	GlobalSection(SolutionConfigurationPlatforms) = preSolution
		Debug|Any CPU = Debug|Any CPU
		Release|Any CPU = Release|Any CPU
	EndGlobalSection
	GlobalSection(ProjectConfigurationPlatforms) = postSolution
		{C8EF81C8-20EB-4B76-ABF3-6DDF25AC1416}.Debug|Any CPU.ActiveCfg = Debug|Any CPU
		{C8EF81C8-20EB-4B76-ABF3-6DDF25AC1416}.Debug|Any CPU.Build.0 = Debug|Any CPU
		{C8EF81C8-20EB-4B76-ABF3-6DDF25AC1416}.Release|Any CPU.ActiveCfg = Release|Any CPU
		{C8EF81C8-20EB-4B76-ABF3-6DDF25AC1416}.Release|Any CPU.Build.0 = Release|Any CPU
		{7DD696D0-4493-4E69-BD08-692E239FA242}.Debug|Any CPU.ActiveCfg = Debug|Any CPU
		{7DD696D0-4493-4E69-BD08-692E239FA242}.Debug|Any CPU.Build.0 = Debug|Any CPU
		{7DD696D0-4493-4E69-BD08-692E239FA242}.Release|Any CPU.ActiveCfg = Release|Any CPU
		{7DD696D0-4493-4E69-BD08-692E239FA242}.Release|Any CPU.Build.0 = Release|Any CPU
		{5675B13A-9AC2-4CA5-862B-1DF28639744A}.Debug|Any CPU.ActiveCfg = Debug|Any CPU
		{5675B13A-9AC2-4CA5-862B-1DF28639744A}.Debug|Any CPU.Build.0 = Debug|Any CPU
		{5675B13A-9AC2-4CA5-862B-1DF28639744A}.Release|Any CPU.ActiveCfg = Release|Any CPU
		{5675B13A-9AC2-4CA5-862B-1DF28639744A}.Release|Any CPU.Build.0 = Release|Any CPU
	EndGlobalSection
	GlobalSection(SolutionProperties) = preSolution
		HideSolutionNode = FALSE
	EndGlobalSection
	GlobalSection(ExtensibilityGlobals) = postSolution
		SolutionGuid = {F24812B3-6066-419C-8EFF-B4736AD87385}
	EndGlobalSection
EndGlobal
